
Microsoft Visual Studio Solution File, Format Version 12.00
# Visual Studio Version 17
VisualStudioVersion = 17.12.35514.174 d17.12
MinimumVisualStudioVersion = 10.0.40219.1
Project("{8BC9CEB8-8B4A-11D0-8D11-00A0C91BC942}") = "1", "1\1.vcxproj", "{115E54BD-A26E-4D39-9828-D8FF18942984}"
EndProject
Project("{8BC9CEB8-8B4A-11D0-8D11-00A0C91BC942}") = "2", "2\2.vcxproj", "{5C4F849C-BE85-4CD9-8968-E8C801D6998D}"
EndProject
Project("{8BC9CEB8-8B4A-11D0-8D11-00A0C91BC942}") = "3", "3\3.vcxproj", "{96427D71-D3D7-43AD-BA64-A7B39F202CEB}"
EndProject
Global
	GlobalSection(SolutionConfigurationPlatforms) = preSolution
		Debug|ARM64 = Debug|ARM64
		Debug|x64 = Debug|x64
		Debug|x86 = Debug|x86
		Release|ARM64 = Release|ARM64
		Release|x64 = Release|x64
		Release|x86 = Release|x86
	EndGlobalSection
	GlobalSection(ProjectConfigurationPlatforms) = postSolution
		{115E54BD-A26E-4D39-9828-D8FF18942984}.Debug|ARM64.ActiveCfg = Debug|ARM64
		{115E54BD-A26E-4D39-9828-D8FF18942984}.Debug|ARM64.Build.0 = Debug|ARM64
		{115E54BD-A26E-4D39-9828-D8FF18942984}.Debug|x64.ActiveCfg = Debug|x64
		{115E54BD-A26E-4D39-9828-D8FF18942984}.Debug|x64.Build.0 = Debug|x64
		{115E54BD-A26E-4D39-9828-D8FF18942984}.Debug|x86.ActiveCfg = Debug|Win32
		{115E54BD-A26E-4D39-9828-D8FF18942984}.Debug|x86.Build.0 = Debug|Win32
		{115E54BD-A26E-4D39-9828-D8FF18942984}.Release|ARM64.ActiveCfg = Release|ARM64
		{115E54BD-A26E-4D39-9828-D8FF18942984}.Release|ARM64.Build.0 = Release|ARM64
		{115E54BD-A26E-4D39-9828-D8FF18942984}.Release|x64.ActiveCfg = Release|x64
		{115E54BD-A26E-4D39-9828-D8FF18942984}.Release|x64.Build.0 = Release|x64
		{115E54BD-A26E-4D39-9828-D8FF18942984}.Release|x86.ActiveCfg = Release|Win32
		{115E54BD-A26E-4D39-9828-D8FF18942984}.Release|x86.Build.0 = Release|Win32
		{5C4F849C-BE85-4CD9-8968-E8C801D6998D}.Debug|ARM64.ActiveCfg = Debug|ARM64
		{5C4F849C-BE85-4CD9-8968-E8C801D6998D}.Debug|ARM64.Build.0 = Debug|ARM64
		{5C4F849C-BE85-4CD9-8968-E8C801D6998D}.Debug|x64.ActiveCfg = Debug|x64
		{5C4F849C-BE85-4CD9-8968-E8C801D6998D}.Debug|x64.Build.0 = Debug|x64
		{5C4F849C-BE85-4CD9-8968-E8C801D6998D}.Debug|x86.ActiveCfg = Debug|Win32
		{5C4F849C-BE85-4CD9-8968-E8C801D6998D}.Debug|x86.Build.0 = Debug|Win32
		{5C4F849C-BE85-4CD9-8968-E8C801D6998D}.Release|ARM64.ActiveCfg = Release|ARM64
		{5C4F849C-BE85-4CD9-8968-E8C801D6998D}.Release|ARM64.Build.0 = Release|ARM64
		{5C4F849C-BE85-4CD9-8968-E8C801D6998D}.Release|x64.ActiveCfg = Release|x64
		{5C4F849C-BE85-4CD9-8968-E8C801D6998D}.Release|x64.Build.0 = Release|x64
		{5C4F849C-BE85-4CD9-8968-E8C801D6998D}.Release|x86.ActiveCfg = Release|Win32
		{5C4F849C-BE85-4CD9-8968-E8C801D6998D}.Release|x86.Build.0 = Release|Win32
		{96427D71-D3D7-43AD-BA64-A7B39F202CEB}.Debug|ARM64.ActiveCfg = Debug|ARM64
		{96427D71-D3D7-43AD-BA64-A7B39F202CEB}.Debug|ARM64.Build.0 = Debug|ARM64
		{96427D71-D3D7-43AD-BA64-A7B39F202CEB}.Debug|x64.ActiveCfg = Debug|x64
		{96427D71-D3D7-43AD-BA64-A7B39F202CEB}.Debug|x64.Build.0 = Debug|x64
		{96427D71-D3D7-43AD-BA64-A7B39F202CEB}.Debug|x86.ActiveCfg = Debug|Win32
		{96427D71-D3D7-43AD-BA64-A7B39F202CEB}.Debug|x86.Build.0 = Debug|Win32
		{96427D71-D3D7-43AD-BA64-A7B39F202CEB}.Release|ARM64.ActiveCfg = Release|ARM64
		{96427D71-D3D7-43AD-BA64-A7B39F202CEB}.Release|ARM64.Build.0 = Release|ARM64
		{96427D71-D3D7-43AD-BA64-A7B39F202CEB}.Release|x64.ActiveCfg = Release|x64
		{96427D71-D3D7-43AD-BA64-A7B39F202CEB}.Release|x64.Build.0 = Release|x64
		{96427D71-D3D7-43AD-BA64-A7B39F202CEB}.Release|x86.ActiveCfg = Release|Win32
		{96427D71-D3D7-43AD-BA64-A7B39F202CEB}.Release|x86.Build.0 = Release|Win32
	EndGlobalSection
	GlobalSection(SolutionProperties) = preSolution
		HideSolutionNode = FALSE
	EndGlobalSection
EndGlobal
